PODS:
  - Alamofire (5.4.3)
  - Toaster (2.3.0)

DEPENDENCIES:
  - Alamofire
  - Toaster

SPEC REPOS:
  trunk:
    - Alamofire
    - Toaster

SPEC CHECKSUMS:
  Alamofire: e447a2774a40c996748296fa2c55112fdbbc42f9
  Toaster: c3473963c78e8cabbf6ea6f11ad0fdaae6f54987

PODFILE CHECKSUM: a80bb198fdaabefc598ef9851379dcca8e7968ff

COCOAPODS: 1.9.3
